{
  "name": "ui",
  "lockfileVersion": 3,
  "requires": true,
  "packages": {
    "": {
      "dependencies": {
        "layui": "^2.9.17"
      }
    },
    "node_modules/layui": {
      "version": "2.9.17",
      "resolved": "https://registry.npmjs.org/layui/-/layui-2.9.17.tgz",
      "integrity": "sha512-cTkOETVHFRrUtulGGOqF50+JpJoyucHGM9bd473KOWHWzdr+dQh0YCG9pYbJoFTfcSWIlb9xCna1gSuEZoyBTg==",
      "license": "MIT"
    }
  }
}
